
Microsoft Visual Studio Solution File, Format Version 12.00
# Visual Studio 15
VisualStudioVersion = 15.0.28307.960
MinimumVisualStudioVersion = 10.0.40219.1
Project("{8BC9CEB8-8B4A-11D0-8D11-00A0C91BC942}") = "VulcanApplication", "VulcanApplication\VulcanApplication.vcxproj", "{D1298A07-E8AD-4BA0-931F-8D2931EBA21A}"
	ProjectSection(ProjectDependencies) = postProject
		{723EEE86-3CFE-4E22-8342-42C2EF1285F3} = {723EEE86-3CFE-4E22-8342-42C2EF1285F3}
	EndProjectSection
EndProject
Project("{8BC9CEB8-8B4A-11D0-8D11-00A0C91BC942}") = "CodexDistributable", "CodexDistributable\CodexDistributable.vcxproj", "{723EEE86-3CFE-4E22-8342-42C2EF1285F3}"
EndProject
Global
	GlobalSection(SolutionConfigurationPlatforms) = preSolution
		CommandLineTagTesing|x64 = CommandLineTagTesing|x64
		CommandLineTagTesing|x86 = CommandLineTagTesing|x86
		Debug|x64 = Debug|x64
		Debug|x86 = Debug|x86
		DeepLynxPluginTestingDefToDeepLynx|x64 = DeepLynxPluginTestingDefToDeepLynx|x64
		DeepLynxPluginTestingDefToDeepLynx|x86 = DeepLynxPluginTestingDefToDeepLynx|x86
		DeepLynxPluginTestingdplnxToDef|x64 = DeepLynxPluginTestingdplnxToDef|x64
		DeepLynxPluginTestingdplnxToDef|x86 = DeepLynxPluginTestingdplnxToDef|x86
		DEFtoMatlab|x64 = DEFtoMatlab|x64
		DEFtoMatlab|x86 = DEFtoMatlab|x86
		DPS_DEFToDEF|x64 = DPS_DEFToDEF|x64
		DPS_DEFToDEF|x86 = DPS_DEFToDEF|x86
		DPS_DEFToMatlab|x64 = DPS_DEFToMatlab|x64
		DPS_DEFToMatlab|x86 = DPS_DEFToMatlab|x86
		DPS_DEFToTDMS|x64 = DPS_DEFToTDMS|x64
		DPS_DEFToTDMS|x86 = DPS_DEFToTDMS|x86
		DPS_MatlabToDEF|x64 = DPS_MatlabToDEF|x64
		DPS_MatlabToDEF|x86 = DPS_MatlabToDEF|x86
		DPS_MatlabToTDMS|x64 = DPS_MatlabToTDMS|x64
		DPS_MatlabToTDMS|x86 = DPS_MatlabToTDMS|x86
		DPS_TDMSToDEF|x64 = DPS_TDMSToDEF|x64
		DPS_TDMSToDEF|x86 = DPS_TDMSToDEF|x86
		DPS_TDMSToMatlab|x64 = DPS_TDMSToMatlab|x64
		DPS_TDMSToMatlab|x86 = DPS_TDMSToMatlab|x86
		ElectronDevelopment|x64 = ElectronDevelopment|x64
		ElectronDevelopment|x86 = ElectronDevelopment|x86
		MatlabtoDEF|x64 = MatlabtoDEF|x64
		MatlabtoDEF|x86 = MatlabtoDEF|x86
		MYSQLPluginTesting|x64 = MYSQLPluginTesting|x64
		MYSQLPluginTesting|x86 = MYSQLPluginTesting|x86
		MySQLPluginTestingDefToSQL|x64 = MySQLPluginTestingDefToSQL|x64
		MySQLPluginTestingDefToSQL|x86 = MySQLPluginTestingDefToSQL|x86
		PluginTesting|x64 = PluginTesting|x64
		PluginTesting|x86 = PluginTesting|x86
		RDX_DPS_MatlabToTDMS|x64 = RDX_DPS_MatlabToTDMS|x64
		RDX_DPS_MatlabToTDMS|x86 = RDX_DPS_MatlabToTDMS|x86
		RDX_DPS_TDMS_DEF|x64 = RDX_DPS_TDMS_DEF|x64
		RDX_DPS_TDMS_DEF|x86 = RDX_DPS_TDMS_DEF|x86
		RDX_DPS_TDMS_MATLAB|x64 = RDX_DPS_TDMS_MATLAB|x64
		RDX_DPS_TDMS_MATLAB|x86 = RDX_DPS_TDMS_MATLAB|x86
		Release|x64 = Release|x64
		Release|x86 = Release|x86
		tdmsOutTesting|x64 = tdmsOutTesting|x64
		tdmsOutTesting|x86 = tdmsOutTesting|x86
		tdmsTesting|x64 = tdmsTesting|x64
		tdmsTesting|x86 = tdmsTesting|x86
	EndGlobalSection
	GlobalSection(ProjectConfigurationPlatforms) = postSolution
		{D1298A07-E8AD-4BA0-931F-8D2931EBA21A}.CommandLineTagTesing|x64.ActiveCfg = CommandLineTagTesing|x64
		{D1298A07-E8AD-4BA0-931F-8D2931EBA21A}.CommandLineTagTesing|x64.Build.0 = CommandLineTagTesing|x64
		{D1298A07-E8AD-4BA0-931F-8D2931EBA21A}.CommandLineTagTesing|x86.ActiveCfg = CommandLineTagTesing|Win32
		{D1298A07-E8AD-4BA0-931F-8D2931EBA21A}.CommandLineTagTesing|x86.Build.0 = CommandLineTagTesing|Win32
		{D1298A07-E8AD-4BA0-931F-8D2931EBA21A}.Debug|x64.ActiveCfg = Debug|x64
		{D1298A07-E8AD-4BA0-931F-8D2931EBA21A}.Debug|x64.Build.0 = Debug|x64
		{D1298A07-E8AD-4BA0-931F-8D2931EBA21A}.Debug|x86.ActiveCfg = Debug|x64
		{D1298A07-E8AD-4BA0-931F-8D2931EBA21A}.Debug|x86.Build.0 = Debug|x64
		{D1298A07-E8AD-4BA0-931F-8D2931EBA21A}.DeepLynxPluginTestingDefToDeepLynx|x64.ActiveCfg = DeepLynxPluginTestingDefToDeepLynx|x64
		{D1298A07-E8AD-4BA0-931F-8D2931EBA21A}.DeepLynxPluginTestingDefToDeepLynx|x64.Build.0 = DeepLynxPluginTestingDefToDeepLynx|x64
		{D1298A07-E8AD-4BA0-931F-8D2931EBA21A}.DeepLynxPluginTestingDefToDeepLynx|x86.ActiveCfg = DeepLynxPluginTestingDefToDeepLynx|Win32
		{D1298A07-E8AD-4BA0-931F-8D2931EBA21A}.DeepLynxPluginTestingDefToDeepLynx|x86.Build.0 = DeepLynxPluginTestingDefToDeepLynx|Win32
		{D1298A07-E8AD-4BA0-931F-8D2931EBA21A}.DeepLynxPluginTestingdplnxToDef|x64.ActiveCfg = DeepLynxPluginTestingdplnxToDef|x64
		{D1298A07-E8AD-4BA0-931F-8D2931EBA21A}.DeepLynxPluginTestingdplnxToDef|x64.Build.0 = DeepLynxPluginTestingdplnxToDef|x64
		{D1298A07-E8AD-4BA0-931F-8D2931EBA21A}.DeepLynxPluginTestingdplnxToDef|x86.ActiveCfg = DeepLynxPluginTestingdplnxToDef|Win32
		{D1298A07-E8AD-4BA0-931F-8D2931EBA21A}.DeepLynxPluginTestingdplnxToDef|x86.Build.0 = DeepLynxPluginTestingdplnxToDef|Win32
		{D1298A07-E8AD-4BA0-931F-8D2931EBA21A}.DEFtoMatlab|x64.ActiveCfg = DEFtoMatlab|x64
		{D1298A07-E8AD-4BA0-931F-8D2931EBA21A}.DEFtoMatlab|x64.Build.0 = DEFtoMatlab|x64
		{D1298A07-E8AD-4BA0-931F-8D2931EBA21A}.DEFtoMatlab|x86.ActiveCfg = DEFtoMatlab|Win32
		{D1298A07-E8AD-4BA0-931F-8D2931EBA21A}.DEFtoMatlab|x86.Build.0 = DEFtoMatlab|Win32
		{D1298A07-E8AD-4BA0-931F-8D2931EBA21A}.DPS_DEFToDEF|x64.ActiveCfg = DPS_DEFToDEF|x64
		{D1298A07-E8AD-4BA0-931F-8D2931EBA21A}.DPS_DEFToDEF|x64.Build.0 = DPS_DEFToDEF|x64
		{D1298A07-E8AD-4BA0-931F-8D2931EBA21A}.DPS_DEFToDEF|x86.ActiveCfg = DPS_DEFToDEF|Win32
		{D1298A07-E8AD-4BA0-931F-8D2931EBA21A}.DPS_DEFToDEF|x86.Build.0 = DPS_DEFToDEF|Win32
		{D1298A07-E8AD-4BA0-931F-8D2931EBA21A}.DPS_DEFToMatlab|x64.ActiveCfg = DPS_DEFToMatlab|x64
		{D1298A07-E8AD-4BA0-931F-8D2931EBA21A}.DPS_DEFToMatlab|x64.Build.0 = DPS_DEFToMatlab|x64
		{D1298A07-E8AD-4BA0-931F-8D2931EBA21A}.DPS_DEFToMatlab|x86.ActiveCfg = DPS_DEFToMatlab|Win32
		{D1298A07-E8AD-4BA0-931F-8D2931EBA21A}.DPS_DEFToMatlab|x86.Build.0 = DPS_DEFToMatlab|Win32
		{D1298A07-E8AD-4BA0-931F-8D2931EBA21A}.DPS_DEFToTDMS|x64.ActiveCfg = DPS_DEFToTDMS|x64
		{D1298A07-E8AD-4BA0-931F-8D2931EBA21A}.DPS_DEFToTDMS|x64.Build.0 = DPS_DEFToTDMS|x64
		{D1298A07-E8AD-4BA0-931F-8D2931EBA21A}.DPS_DEFToTDMS|x86.ActiveCfg = DPS_DEFToTDMS|Win32
		{D1298A07-E8AD-4BA0-931F-8D2931EBA21A}.DPS_DEFToTDMS|x86.Build.0 = DPS_DEFToTDMS|Win32
		{D1298A07-E8AD-4BA0-931F-8D2931EBA21A}.DPS_MatlabToDEF|x64.ActiveCfg = DPS_MatlabToDEF|x64
		{D1298A07-E8AD-4BA0-931F-8D2931EBA21A}.DPS_MatlabToDEF|x64.Build.0 = DPS_MatlabToDEF|x64
		{D1298A07-E8AD-4BA0-931F-8D2931EBA21A}.DPS_MatlabToDEF|x86.ActiveCfg = DPS_MatlabToDEF|Win32
		{D1298A07-E8AD-4BA0-931F-8D2931EBA21A}.DPS_MatlabToDEF|x86.Build.0 = DPS_MatlabToDEF|Win32
		{D1298A07-E8AD-4BA0-931F-8D2931EBA21A}.DPS_MatlabToTDMS|x64.ActiveCfg = DPS_MatlabToTDMS|x64
		{D1298A07-E8AD-4BA0-931F-8D2931EBA21A}.DPS_MatlabToTDMS|x64.Build.0 = DPS_MatlabToTDMS|x64
		{D1298A07-E8AD-4BA0-931F-8D2931EBA21A}.DPS_MatlabToTDMS|x86.ActiveCfg = DPS_MatlabToTDMS|Win32
		{D1298A07-E8AD-4BA0-931F-8D2931EBA21A}.DPS_MatlabToTDMS|x86.Build.0 = DPS_MatlabToTDMS|Win32
		{D1298A07-E8AD-4BA0-931F-8D2931EBA21A}.DPS_TDMSToDEF|x64.ActiveCfg = DPS_TDMSToDEF|x64
		{D1298A07-E8AD-4BA0-931F-8D2931EBA21A}.DPS_TDMSToDEF|x64.Build.0 = DPS_TDMSToDEF|x64
		{D1298A07-E8AD-4BA0-931F-8D2931EBA21A}.DPS_TDMSToDEF|x86.ActiveCfg = DPS_TDMSToDEF|Win32
		{D1298A07-E8AD-4BA0-931F-8D2931EBA21A}.DPS_TDMSToDEF|x86.Build.0 = DPS_TDMSToDEF|Win32
		{D1298A07-E8AD-4BA0-931F-8D2931EBA21A}.DPS_TDMSToMatlab|x64.ActiveCfg = DPS_TDMSToMatlab|x64
		{D1298A07-E8AD-4BA0-931F-8D2931EBA21A}.DPS_TDMSToMatlab|x64.Build.0 = DPS_TDMSToMatlab|x64
		{D1298A07-E8AD-4BA0-931F-8D2931EBA21A}.DPS_TDMSToMatlab|x86.ActiveCfg = DPS_TDMSToMatlab|Win32
		{D1298A07-E8AD-4BA0-931F-8D2931EBA21A}.DPS_TDMSToMatlab|x86.Build.0 = DPS_TDMSToMatlab|Win32
		{D1298A07-E8AD-4BA0-931F-8D2931EBA21A}.ElectronDevelopment|x64.ActiveCfg = ElectronDevelopment|x64
		{D1298A07-E8AD-4BA0-931F-8D2931EBA21A}.ElectronDevelopment|x64.Build.0 = ElectronDevelopment|x64
		{D1298A07-E8AD-4BA0-931F-8D2931EBA21A}.ElectronDevelopment|x86.ActiveCfg = ElectronDevelopment|Win32
		{D1298A07-E8AD-4BA0-931F-8D2931EBA21A}.ElectronDevelopment|x86.Build.0 = ElectronDevelopment|Win32
		{D1298A07-E8AD-4BA0-931F-8D2931EBA21A}.MatlabtoDEF|x64.ActiveCfg = MatlabtoDEF|x64
		{D1298A07-E8AD-4BA0-931F-8D2931EBA21A}.MatlabtoDEF|x64.Build.0 = MatlabtoDEF|x64
		{D1298A07-E8AD-4BA0-931F-8D2931EBA21A}.MatlabtoDEF|x86.ActiveCfg = MatlabtoDEF|Win32
		{D1298A07-E8AD-4BA0-931F-8D2931EBA21A}.MatlabtoDEF|x86.Build.0 = MatlabtoDEF|Win32
		{D1298A07-E8AD-4BA0-931F-8D2931EBA21A}.MYSQLPluginTesting|x64.ActiveCfg = MYSQLPluginTesting|x64
		{D1298A07-E8AD-4BA0-931F-8D2931EBA21A}.MYSQLPluginTesting|x64.Build.0 = MYSQLPluginTesting|x64
		{D1298A07-E8AD-4BA0-931F-8D2931EBA21A}.MYSQLPluginTesting|x86.ActiveCfg = MYSQLPluginTesting|Win32
		{D1298A07-E8AD-4BA0-931F-8D2931EBA21A}.MYSQLPluginTesting|x86.Build.0 = MYSQLPluginTesting|Win32
		{D1298A07-E8AD-4BA0-931F-8D2931EBA21A}.MySQLPluginTestingDefToSQL|x64.ActiveCfg = MySQLPluginTestingDefToSQL|x64
		{D1298A07-E8AD-4BA0-931F-8D2931EBA21A}.MySQLPluginTestingDefToSQL|x64.Build.0 = MySQLPluginTestingDefToSQL|x64
		{D1298A07-E8AD-4BA0-931F-8D2931EBA21A}.MySQLPluginTestingDefToSQL|x86.ActiveCfg = MySQLPluginTestingDefToSQL|Win32
		{D1298A07-E8AD-4BA0-931F-8D2931EBA21A}.MySQLPluginTestingDefToSQL|x86.Build.0 = MySQLPluginTestingDefToSQL|Win32
		{D1298A07-E8AD-4BA0-931F-8D2931EBA21A}.PluginTesting|x64.ActiveCfg = PluginTesting|x64
		{D1298A07-E8AD-4BA0-931F-8D2931EBA21A}.PluginTesting|x64.Build.0 = PluginTesting|x64
		{D1298A07-E8AD-4BA0-931F-8D2931EBA21A}.PluginTesting|x86.ActiveCfg = PluginTesting|Win32
		{D1298A07-E8AD-4BA0-931F-8D2931EBA21A}.PluginTesting|x86.Build.0 = PluginTesting|Win32
		{D1298A07-E8AD-4BA0-931F-8D2931EBA21A}.RDX_DPS_MatlabToTDMS|x64.ActiveCfg = RDX_DPS_MatlabToTDMS|x64
		{D1298A07-E8AD-4BA0-931F-8D2931EBA21A}.RDX_DPS_MatlabToTDMS|x64.Build.0 = RDX_DPS_MatlabToTDMS|x64
		{D1298A07-E8AD-4BA0-931F-8D2931EBA21A}.RDX_DPS_MatlabToTDMS|x86.ActiveCfg = RDX_DPS_MatlabToTDMS|Win32
		{D1298A07-E8AD-4BA0-931F-8D2931EBA21A}.RDX_DPS_MatlabToTDMS|x86.Build.0 = RDX_DPS_MatlabToTDMS|Win32
		{D1298A07-E8AD-4BA0-931F-8D2931EBA21A}.RDX_DPS_TDMS_DEF|x64.ActiveCfg = RDX_DPS_TDMS_DEF|x64
		{D1298A07-E8AD-4BA0-931F-8D2931EBA21A}.RDX_DPS_TDMS_DEF|x64.Build.0 = RDX_DPS_TDMS_DEF|x64
		{D1298A07-E8AD-4BA0-931F-8D2931EBA21A}.RDX_DPS_TDMS_DEF|x86.ActiveCfg = RDX_DPS_TDMS_DEF|Win32
		{D1298A07-E8AD-4BA0-931F-8D2931EBA21A}.RDX_DPS_TDMS_DEF|x86.Build.0 = RDX_DPS_TDMS_DEF|Win32
		{D1298A07-E8AD-4BA0-931F-8D2931EBA21A}.RDX_DPS_TDMS_MATLAB|x64.ActiveCfg = RDX_DPS_TDMS_MATLAB|x64
		{D1298A07-E8AD-4BA0-931F-8D2931EBA21A}.RDX_DPS_TDMS_MATLAB|x64.Build.0 = RDX_DPS_TDMS_MATLAB|x64
		{D1298A07-E8AD-4BA0-931F-8D2931EBA21A}.RDX_DPS_TDMS_MATLAB|x86.ActiveCfg = RDX_DPS_TDMS_MATLAB|Win32
		{D1298A07-E8AD-4BA0-931F-8D2931EBA21A}.RDX_DPS_TDMS_MATLAB|x86.Build.0 = RDX_DPS_TDMS_MATLAB|Win32
		{D1298A07-E8AD-4BA0-931F-8D2931EBA21A}.Release|x64.ActiveCfg = Release|x64
		{D1298A07-E8AD-4BA0-931F-8D2931EBA21A}.Release|x64.Build.0 = Release|x64
		{D1298A07-E8AD-4BA0-931F-8D2931EBA21A}.Release|x86.ActiveCfg = Release|Win32
		{D1298A07-E8AD-4BA0-931F-8D2931EBA21A}.Release|x86.Build.0 = Release|Win32
		{D1298A07-E8AD-4BA0-931F-8D2931EBA21A}.tdmsOutTesting|x64.ActiveCfg = tdmsOutTesting|x64
		{D1298A07-E8AD-4BA0-931F-8D2931EBA21A}.tdmsOutTesting|x64.Build.0 = tdmsOutTesting|x64
		{D1298A07-E8AD-4BA0-931F-8D2931EBA21A}.tdmsOutTesting|x86.ActiveCfg = tdmsOutTesting|Win32
		{D1298A07-E8AD-4BA0-931F-8D2931EBA21A}.tdmsOutTesting|x86.Build.0 = tdmsOutTesting|Win32
		{D1298A07-E8AD-4BA0-931F-8D2931EBA21A}.tdmsTesting|x64.ActiveCfg = tdmsTesting|x64
		{D1298A07-E8AD-4BA0-931F-8D2931EBA21A}.tdmsTesting|x64.Build.0 = tdmsTesting|x64
		{D1298A07-E8AD-4BA0-931F-8D2931EBA21A}.tdmsTesting|x86.ActiveCfg = tdmsTesting|Win32
		{D1298A07-E8AD-4BA0-931F-8D2931EBA21A}.tdmsTesting|x86.Build.0 = tdmsTesting|Win32
		{723EEE86-3CFE-4E22-8342-42C2EF1285F3}.CommandLineTagTesing|x64.ActiveCfg = Release|x64
		{723EEE86-3CFE-4E22-8342-42C2EF1285F3}.CommandLineTagTesing|x64.Build.0 = Release|x64
		{723EEE86-3CFE-4E22-8342-42C2EF1285F3}.CommandLineTagTesing|x86.ActiveCfg = Release|Win32
		{723EEE86-3CFE-4E22-8342-42C2EF1285F3}.CommandLineTagTesing|x86.Build.0 = Release|Win32
		{723EEE86-3CFE-4E22-8342-42C2EF1285F3}.Debug|x64.ActiveCfg = Debug|x64
		{723EEE86-3CFE-4E22-8342-42C2EF1285F3}.Debug|x64.Build.0 = Debug|x64
		{723EEE86-3CFE-4E22-8342-42C2EF1285F3}.Debug|x86.ActiveCfg = Debug|Win32
		{723EEE86-3CFE-4E22-8342-42C2EF1285F3}.Debug|x86.Build.0 = Debug|Win32
		{723EEE86-3CFE-4E22-8342-42C2EF1285F3}.DeepLynxPluginTestingDefToDeepLynx|x64.ActiveCfg = Debug|x64
		{723EEE86-3CFE-4E22-8342-42C2EF1285F3}.DeepLynxPluginTestingDefToDeepLynx|x64.Build.0 = Debug|x64
		{723EEE86-3CFE-4E22-8342-42C2EF1285F3}.DeepLynxPluginTestingDefToDeepLynx|x86.ActiveCfg = DeepLynxPluginTestingDefToDeepLynx|Win32
		{723EEE86-3CFE-4E22-8342-42C2EF1285F3}.DeepLynxPluginTestingDefToDeepLynx|x86.Build.0 = DeepLynxPluginTestingDefToDeepLynx|Win32
		{723EEE86-3CFE-4E22-8342-42C2EF1285F3}.DeepLynxPluginTestingdplnxToDef|x64.ActiveCfg = Debug|x64
		{723EEE86-3CFE-4E22-8342-42C2EF1285F3}.DeepLynxPluginTestingdplnxToDef|x64.Build.0 = Debug|x64
		{723EEE86-3CFE-4E22-8342-42C2EF1285F3}.DeepLynxPluginTestingdplnxToDef|x86.ActiveCfg = DeepLynxPluginTestingdplnxToDef|Win32
		{723EEE86-3CFE-4E22-8342-42C2EF1285F3}.DeepLynxPluginTestingdplnxToDef|x86.Build.0 = DeepLynxPluginTestingdplnxToDef|Win32
		{723EEE86-3CFE-4E22-8342-42C2EF1285F3}.DEFtoMatlab|x64.ActiveCfg = Debug|x64
		{723EEE86-3CFE-4E22-8342-42C2EF1285F3}.DEFtoMatlab|x64.Build.0 = Debug|x64
		{723EEE86-3CFE-4E22-8342-42C2EF1285F3}.DEFtoMatlab|x86.ActiveCfg = Debug|Win32
		{723EEE86-3CFE-4E22-8342-42C2EF1285F3}.DEFtoMatlab|x86.Build.0 = Debug|Win32
		{723EEE86-3CFE-4E22-8342-42C2EF1285F3}.DPS_DEFToDEF|x64.ActiveCfg = Debug|x64
		{723EEE86-3CFE-4E22-8342-42C2EF1285F3}.DPS_DEFToDEF|x64.Build.0 = Debug|x64
		{723EEE86-3CFE-4E22-8342-42C2EF1285F3}.DPS_DEFToDEF|x86.ActiveCfg = Debug|Win32
		{723EEE86-3CFE-4E22-8342-42C2EF1285F3}.DPS_DEFToDEF|x86.Build.0 = Debug|Win32
		{723EEE86-3CFE-4E22-8342-42C2EF1285F3}.DPS_DEFToMatlab|x64.ActiveCfg = Debug|x64
		{723EEE86-3CFE-4E22-8342-42C2EF1285F3}.DPS_DEFToMatlab|x64.Build.0 = Debug|x64
		{723EEE86-3CFE-4E22-8342-42C2EF1285F3}.DPS_DEFToMatlab|x86.ActiveCfg = Debug|Win32
		{723EEE86-3CFE-4E22-8342-42C2EF1285F3}.DPS_DEFToMatlab|x86.Build.0 = Debug|Win32
		{723EEE86-3CFE-4E22-8342-42C2EF1285F3}.DPS_DEFToTDMS|x64.ActiveCfg = Debug|x64
		{723EEE86-3CFE-4E22-8342-42C2EF1285F3}.DPS_DEFToTDMS|x64.Build.0 = Debug|x64
		{723EEE86-3CFE-4E22-8342-42C2EF1285F3}.DPS_DEFToTDMS|x86.ActiveCfg = Debug|Win32
		{723EEE86-3CFE-4E22-8342-42C2EF1285F3}.DPS_DEFToTDMS|x86.Build.0 = Debug|Win32
		{723EEE86-3CFE-4E22-8342-42C2EF1285F3}.DPS_MatlabToDEF|x64.ActiveCfg = Debug|x64
		{723EEE86-3CFE-4E22-8342-42C2EF1285F3}.DPS_MatlabToDEF|x64.Build.0 = Debug|x64
		{723EEE86-3CFE-4E22-8342-42C2EF1285F3}.DPS_MatlabToDEF|x86.ActiveCfg = Debug|Win32
		{723EEE86-3CFE-4E22-8342-42C2EF1285F3}.DPS_MatlabToDEF|x86.Build.0 = Debug|Win32
		{723EEE86-3CFE-4E22-8342-42C2EF1285F3}.DPS_MatlabToTDMS|x64.ActiveCfg = Debug|x64
		{723EEE86-3CFE-4E22-8342-42C2EF1285F3}.DPS_MatlabToTDMS|x64.Build.0 = Debug|x64
		{723EEE86-3CFE-4E22-8342-42C2EF1285F3}.DPS_MatlabToTDMS|x86.ActiveCfg = Debug|Win32
		{723EEE86-3CFE-4E22-8342-42C2EF1285F3}.DPS_MatlabToTDMS|x86.Build.0 = Debug|Win32
		{723EEE86-3CFE-4E22-8342-42C2EF1285F3}.DPS_TDMSToDEF|x64.ActiveCfg = Debug|x64
		{723EEE86-3CFE-4E22-8342-42C2EF1285F3}.DPS_TDMSToDEF|x64.Build.0 = Debug|x64
		{723EEE86-3CFE-4E22-8342-42C2EF1285F3}.DPS_TDMSToDEF|x86.ActiveCfg = Debug|Win32
		{723EEE86-3CFE-4E22-8342-42C2EF1285F3}.DPS_TDMSToDEF|x86.Build.0 = Debug|Win32
		{723EEE86-3CFE-4E22-8342-42C2EF1285F3}.DPS_TDMSToMatlab|x64.ActiveCfg = Debug|x64
		{723EEE86-3CFE-4E22-8342-42C2EF1285F3}.DPS_TDMSToMatlab|x64.Build.0 = Debug|x64
		{723EEE86-3CFE-4E22-8342-42C2EF1285F3}.DPS_TDMSToMatlab|x86.ActiveCfg = Debug|Win32
		{723EEE86-3CFE-4E22-8342-42C2EF1285F3}.DPS_TDMSToMatlab|x86.Build.0 = Debug|Win32
		{723EEE86-3CFE-4E22-8342-42C2EF1285F3}.ElectronDevelopment|x64.ActiveCfg = Debug|x64
		{723EEE86-3CFE-4E22-8342-42C2EF1285F3}.ElectronDevelopment|x64.Build.0 = Debug|x64
		{723EEE86-3CFE-4E22-8342-42C2EF1285F3}.ElectronDevelopment|x86.ActiveCfg = MySQLPluginTestingDefToSQL|Win32
		{723EEE86-3CFE-4E22-8342-42C2EF1285F3}.ElectronDevelopment|x86.Build.0 = MySQLPluginTestingDefToSQL|Win32
		{723EEE86-3CFE-4E22-8342-42C2EF1285F3}.MatlabtoDEF|x64.ActiveCfg = Release|x64
		{723EEE86-3CFE-4E22-8342-42C2EF1285F3}.MatlabtoDEF|x64.Build.0 = Release|x64
		{723EEE86-3CFE-4E22-8342-42C2EF1285F3}.MatlabtoDEF|x86.ActiveCfg = Release|Win32
		{723EEE86-3CFE-4E22-8342-42C2EF1285F3}.MatlabtoDEF|x86.Build.0 = Release|Win32
		{723EEE86-3CFE-4E22-8342-42C2EF1285F3}.MYSQLPluginTesting|x64.ActiveCfg = Debug|x64
		{723EEE86-3CFE-4E22-8342-42C2EF1285F3}.MYSQLPluginTesting|x64.Build.0 = Debug|x64
		{723EEE86-3CFE-4E22-8342-42C2EF1285F3}.MYSQLPluginTesting|x86.ActiveCfg = Release|Win32
		{723EEE86-3CFE-4E22-8342-42C2EF1285F3}.MYSQLPluginTesting|x86.Build.0 = Release|Win32
		{723EEE86-3CFE-4E22-8342-42C2EF1285F3}.MySQLPluginTestingDefToSQL|x64.ActiveCfg = Debug|x64
		{723EEE86-3CFE-4E22-8342-42C2EF1285F3}.MySQLPluginTestingDefToSQL|x64.Build.0 = Debug|x64
		{723EEE86-3CFE-4E22-8342-42C2EF1285F3}.MySQLPluginTestingDefToSQL|x86.ActiveCfg = MySQLPluginTestingDefToSQL|Win32
		{723EEE86-3CFE-4E22-8342-42C2EF1285F3}.MySQLPluginTestingDefToSQL|x86.Build.0 = MySQLPluginTestingDefToSQL|Win32
		{723EEE86-3CFE-4E22-8342-42C2EF1285F3}.PluginTesting|x64.ActiveCfg = Release|x64
		{723EEE86-3CFE-4E22-8342-42C2EF1285F3}.PluginTesting|x64.Build.0 = Release|x64
		{723EEE86-3CFE-4E22-8342-42C2EF1285F3}.PluginTesting|x86.ActiveCfg = Release|Win32
		{723EEE86-3CFE-4E22-8342-42C2EF1285F3}.PluginTesting|x86.Build.0 = Release|Win32
		{723EEE86-3CFE-4E22-8342-42C2EF1285F3}.RDX_DPS_MatlabToTDMS|x64.ActiveCfg = Release|x64
		{723EEE86-3CFE-4E22-8342-42C2EF1285F3}.RDX_DPS_MatlabToTDMS|x64.Build.0 = Release|x64
		{723EEE86-3CFE-4E22-8342-42C2EF1285F3}.RDX_DPS_MatlabToTDMS|x86.ActiveCfg = Release|Win32
		{723EEE86-3CFE-4E22-8342-42C2EF1285F3}.RDX_DPS_MatlabToTDMS|x86.Build.0 = Release|Win32
		{723EEE86-3CFE-4E22-8342-42C2EF1285F3}.RDX_DPS_TDMS_DEF|x64.ActiveCfg = Release|x64
		{723EEE86-3CFE-4E22-8342-42C2EF1285F3}.RDX_DPS_TDMS_DEF|x64.Build.0 = Release|x64
		{723EEE86-3CFE-4E22-8342-42C2EF1285F3}.RDX_DPS_TDMS_DEF|x86.ActiveCfg = Release|Win32
		{723EEE86-3CFE-4E22-8342-42C2EF1285F3}.RDX_DPS_TDMS_DEF|x86.Build.0 = Release|Win32
		{723EEE86-3CFE-4E22-8342-42C2EF1285F3}.RDX_DPS_TDMS_MATLAB|x64.ActiveCfg = Release|x64
		{723EEE86-3CFE-4E22-8342-42C2EF1285F3}.RDX_DPS_TDMS_MATLAB|x64.Build.0 = Release|x64
		{723EEE86-3CFE-4E22-8342-42C2EF1285F3}.RDX_DPS_TDMS_MATLAB|x86.ActiveCfg = Release|Win32
		{723EEE86-3CFE-4E22-8342-42C2EF1285F3}.RDX_DPS_TDMS_MATLAB|x86.Build.0 = Release|Win32
		{723EEE86-3CFE-4E22-8342-42C2EF1285F3}.Release|x64.ActiveCfg = Release|x64
		{723EEE86-3CFE-4E22-8342-42C2EF1285F3}.Release|x64.Build.0 = Release|x64
		{723EEE86-3CFE-4E22-8342-42C2EF1285F3}.Release|x86.ActiveCfg = Release|Win32
		{723EEE86-3CFE-4E22-8342-42C2EF1285F3}.Release|x86.Build.0 = Release|Win32
		{723EEE86-3CFE-4E22-8342-42C2EF1285F3}.tdmsOutTesting|x64.ActiveCfg = Release|x64
		{723EEE86-3CFE-4E22-8342-42C2EF1285F3}.tdmsOutTesting|x64.Build.0 = Release|x64
		{723EEE86-3CFE-4E22-8342-42C2EF1285F3}.tdmsOutTesting|x86.ActiveCfg = Release|Win32
		{723EEE86-3CFE-4E22-8342-42C2EF1285F3}.tdmsOutTesting|x86.Build.0 = Release|Win32
		{723EEE86-3CFE-4E22-8342-42C2EF1285F3}.tdmsTesting|x64.ActiveCfg = Release|x64
		{723EEE86-3CFE-4E22-8342-42C2EF1285F3}.tdmsTesting|x64.Build.0 = Release|x64
		{723EEE86-3CFE-4E22-8342-42C2EF1285F3}.tdmsTesting|x86.ActiveCfg = Release|Win32
		{723EEE86-3CFE-4E22-8342-42C2EF1285F3}.tdmsTesting|x86.Build.0 = Release|Win32
	EndGlobalSection
	GlobalSection(SolutionProperties) = preSolution
		HideSolutionNode = FALSE
	EndGlobalSection
	GlobalSection(ExtensibilityGlobals) = postSolution
		SolutionGuid = {F0AEFE73-F220-4929-AB98-C248D7784472}
	EndGlobalSection
EndGlobal
